
Microsoft Visual Studio Solution File, Format Version 12.00
# Visual Studio 15
VisualStudioVersion = 15.0.27703.2035
MinimumVisualStudioVersion = 10.0.40219.1
Project("{FAE04EC0-301F-11D3-BF4B-00C04F79EFBC}") = "Tic Tac Toe", "Tic Tac Toe\Tic Tac Toe.csproj", "{5A22BC6E-B967-4E15-A753-CE26C2C2C9D4}"
EndProject
Global
	GlobalSection(SolutionConfigurationPlatforms) = preSolution
		Debug|Any CPU = Debug|Any CPU
		Release|Any CPU = Release|Any CPU
	EndGlobalSection
	GlobalSection(ProjectConfigurationPlatforms) = postSolution
		{5A22BC6E-B967-4E15-A753-CE26C2C2C9D4}.Debug|Any CPU.ActiveCfg = Debug|Any CPU
		{5A22BC6E-B967-4E15-A753-CE26C2C2C9D4}.Debug|Any CPU.Build.0 = Debug|Any CPU
		{5A22BC6E-B967-4E15-A753-CE26C2C2C9D4}.Release|Any CPU.ActiveCfg = Release|Any CPU
		{5A22BC6E-B967-4E15-A753-CE26C2C2C9D4}.Release|Any CPU.Build.0 = Release|Any CPU
	EndGlobalSection
	GlobalSection(SolutionProperties) = preSolution
		HideSolutionNode = FALSE
	EndGlobalSection
	GlobalSection(ExtensibilityGlobals) = postSolution
		SolutionGuid = {BD62604F-6D63-4852-88AC-8974725E730E}
	EndGlobalSection
EndGlobal
